<?xml version="1.0" encoding="utf-8"?>
<Project ToolsVersion="4.0" xmlns="http://schemas.microsoft.com/developer/msbuild/2003">
  <ItemGroup>
    <Filter Include="File di origine">
      <UniqueIdentifier>{4FC737F1-C7A5-4376-A066-2A32D752A2FF}</UniqueIdentifier>
      <Extensions>cpp;c;cc;cxx;c++;def;odl;idl;hpj;bat;asm;asmx</Extensions>
    </Filter>
    <Filter Include="File di intestazione">
      <UniqueIdentifier>{93995380-89BD-4b04-88EB-625FBE52EBFB}</UniqueIdentifier>
      <Extensions>h;hh;hpp;hxx;h++;hm;inl;inc;ipp;xsd</Extensions>
    </Filter>
    <Filter Include="File di risorse">
      <UniqueIdentifier>{67DA6AB6-F800-4c08-8B7A-83BB121AAD01}</UniqueIdentifier>
      <Extensions>rc;ico;cur;bmp;dlg;rc2;rct;bin;rgs;gif;jpg;jpeg;jpe;resx;tiff;tif;png;wav;mfcribbon-ms</Extensions>
    </Filter>
  </ItemGroup>
  <ItemGroup>
    <ClInclude Include="framework.h">
      <Filter>File di intestazione</Filter>
    </ClInclude>
    <ClInclude Include="pch.h">
      <Filter>File di intestazione</Filter>
    </ClInclude>
    <ClInclude Include="SDK\LunMem.h">
      <Filter>File di intestazione</Filter>
    </ClInclude>
    <ClInclude Include="SDK\pch.h">
      <Filter>File di intestazione</Filter>
    </ClInclude>
    <ClInclude Include="Client\pch.h">
      <Filter>File di intestazione</Filter>
    </ClInclude>
    <ClInclude Include="BigHead.h">
      <Filter>File di intestazione</Filter>
    </ClInclude>
    <ClInclude Include="Logger.h">
      <Filter>File di intestazione</Filter>
    </ClInclude>
    <ClInclude Include="Client\Cheat.h">
      <Filter>File di intestazione</Filter>
    </ClInclude>
    <ClInclude Include="Client\CheatManager.h">
      <Filter>File di intestazione</Filter>
    </ClInclude>
    <ClInclude Include="Client\Cheats\AirJump.h">
      <Filter>File di intestazione</Filter>
    </ClInclude>
    <ClInclude Include="Client\Cheats\pch.h">
      <Filter>File di intestazione</Filter>
    </ClInclude>
    <ClInclude Include="polyhook2\Detour\ADetour.hpp">
      <Filter>File di intestazione</Filter>
    </ClInclude>
    <ClInclude Include="polyhook2\Detour\ILCallback.hpp">
      <Filter>File di intestazione</Filter>
    </ClInclude>
    <ClInclude Include="polyhook2\Detour\x64Detour.hpp">
      <Filter>File di intestazione</Filter>
    </ClInclude>
    <ClInclude Include="polyhook2\Detour\x86Detour.hpp">
      <Filter>File di intestazione</Filter>
    </ClInclude>
    <ClInclude Include="polyhook2\Exceptions\AVehHook.hpp">
      <Filter>File di intestazione</Filter>
    </ClInclude>
    <ClInclude Include="polyhook2\Exceptions\BreakPointHook.hpp">
      <Filter>File di intestazione</Filter>
    </ClInclude>
    <ClInclude Include="polyhook2\Exceptions\HWBreakPointHook.hpp">
      <Filter>File di intestazione</Filter>
    </ClInclude>
    <ClInclude Include="polyhook2\PE\EatHook.hpp">
      <Filter>File di intestazione</Filter>
    </ClInclude>
    <ClInclude Include="polyhook2\PE\IatHook.hpp">
      <Filter>File di intestazione</Filter>
    </ClInclude>
    <ClInclude Include="polyhook2\PE\PEB.hpp">
      <Filter>File di intestazione</Filter>
    </ClInclude>
    <ClInclude Include="polyhook2\Tests\TestEffectTracker.hpp">
      <Filter>File di intestazione</Filter>
    </ClInclude>
    <ClInclude Include="polyhook2\Virtuals\VFuncSwapHook.hpp">
      <Filter>File di intestazione</Filter>
    </ClInclude>
    <ClInclude Include="polyhook2\Virtuals\VTableSwapHook.hpp">
      <Filter>File di intestazione</Filter>
    </ClInclude>
    <ClInclude Include="polyhook2\ADisassembler.hpp">
      <Filter>File di intestazione</Filter>
    </ClInclude>
    <ClInclude Include="polyhook2\CapstoneDisassembler.hpp">
      <Filter>File di intestazione</Filter>
    </ClInclude>
    <ClInclude Include="polyhook2\Enums.hpp">
      <Filter>File di intestazione</Filter>
    </ClInclude>
    <ClInclude Include="polyhook2\ErrorLog.hpp">
      <Filter>File di intestazione</Filter>
    </ClInclude>
    <ClInclude Include="polyhook2\IHook.hpp">
      <Filter>File di intestazione</Filter>
    </ClInclude>
    <ClInclude Include="polyhook2\Instruction.hpp">
      <Filter>File di intestazione</Filter>
    </ClInclude>
    <ClInclude Include="polyhook2\MemProtector.hpp">
      <Filter>File di intestazione</Filter>
    </ClInclude>
    <ClInclude Include="polyhook2\Misc.hpp">
      <Filter>File di intestazione</Filter>
    </ClInclude>
    <ClInclude Include="polyhook2\PageAllocator.hpp">
      <Filter>File di intestazione</Filter>
    </ClInclude>
    <ClInclude Include="polyhook2\UID.hpp">
      <Filter>File di intestazione</Filter>
    </ClInclude>
    <ClInclude Include="polyhook2\ZydisDisassembler.hpp">
      <Filter>File di intestazione</Filter>
    </ClInclude>
    <ClInclude Include="capstone\arm.h">
      <Filter>File di intestazione</Filter>
    </ClInclude>
    <ClInclude Include="capstone\arm64.h">
      <Filter>File di intestazione</Filter>
    </ClInclude>
    <ClInclude Include="capstone\capstone.h">
      <Filter>File di intestazione</Filter>
    </ClInclude>
    <ClInclude Include="capstone\evm.h">
      <Filter>File di intestazione</Filter>
    </ClInclude>
    <ClInclude Include="capstone\m68k.h">
      <Filter>File di intestazione</Filter>
    </ClInclude>
    <ClInclude Include="capstone\m680x.h">
      <Filter>File di intestazione</Filter>
    </ClInclude>
    <ClInclude Include="capstone\mips.h">
      <Filter>File di intestazione</Filter>
    </ClInclude>
    <ClInclude Include="capstone\platform.h">
      <Filter>File di intestazione</Filter>
    </ClInclude>
    <ClInclude Include="capstone\ppc.h">
      <Filter>File di intestazione</Filter>
    </ClInclude>
    <ClInclude Include="capstone\sparc.h">
      <Filter>File di intestazione</Filter>
    </ClInclude>
    <ClInclude Include="capstone\systemz.h">
      <Filter>File di intestazione</Filter>
    </ClInclude>
    <ClInclude Include="capstone\tms320c64x.h">
      <Filter>File di intestazione</Filter>
    </ClInclude>
    <ClInclude Include="capstone\x86.h">
      <Filter>File di intestazione</Filter>
    </ClInclude>
    <ClInclude Include="capstone\xcore.h">
      <Filter>File di intestazione</Filter>
    </ClInclude>
    <ClInclude Include="SDK\LunMC.h">
      <Filter>File di intestazione</Filter>
    </ClInclude>
    <ClInclude Include="SDK\TextHolder.h">
      <Filter>File di intestazione</Filter>
    </ClInclude>
    <ClInclude Include="SDK\DrawUtils.h">
      <Filter>File di intestazione</Filter>
    </ClInclude>
    <ClInclude Include="Client\Cheats\TabGUI.h">
      <Filter>File di intestazione</Filter>
    </ClInclude>
    <ClInclude Include="Client\Cheats\Killaura.h">
      <Filter>File di intestazione</Filter>
    </ClInclude>
    <ClInclude Include="Client\Cheats\AutoSprint.h">
      <Filter>File di intestazione</Filter>
    </ClInclude>
    <ClInclude Include="Client\Cheats\Uninject.h">
      <Filter>File di intestazione</Filter>
    </ClInclude>
    <ClInclude Include="Client\Hooks\KeyHook.h">
      <Filter>File di intestazione</Filter>
    </ClInclude>
    <ClInclude Include="Client\Hooks\RenderHook.h">
      <Filter>File di intestazione</Filter>
    </ClInclude>
    <ClInclude Include="Client\Hooks\pch.h">
      <Filter>File di intestazione</Filter>
    </ClInclude>
    <ClInclude Include="Client\Cheats\Hitbox.h">
      <Filter>File di intestazione</Filter>
    </ClInclude>
    <ClInclude Include="Client\Hooks\GamemodeHook.h">
      <Filter>File di intestazione</Filter>
    </ClInclude>
    <ClInclude Include="Client\Cheats\Triggerbot.h">
      <Filter>File di intestazione</Filter>
    </ClInclude>
    <ClInclude Include="SDK\EntList.h">
      <Filter>File di intestazione</Filter>
    </ClInclude>
    <ClInclude Include="Client\Cheats\Scaffold.h">
      <Filter>File di intestazione</Filter>
    </ClInclude>
    <ClInclude Include="Client\Cheats\ModuleList.h">
      <Filter>File di intestazione</Filter>
    </ClInclude>
    <ClInclude Include="Client\Cheats\Nuker.h">
      <Filter>File di intestazione</Filter>
    </ClInclude>
    <ClInclude Include="Client\Cheats\NoSlowDown.h">
      <Filter>File di intestazione</Filter>
    </ClInclude>
    <ClInclude Include="Client\Cheats\Velocity.h">
      <Filter>File di intestazione</Filter>
    </ClInclude>
    <ClInclude Include="Client\Cheats\Jetpack.h">
      <Filter>File di intestazione</Filter>
    </ClInclude>
    <ClInclude Include="Client\Cheats\BunnyHop.h">
      <Filter>File di intestazione</Filter>
    </ClInclude>
    <ClInclude Include="Client\Hooks\MouseHook.h">
      <Filter>File di intestazione</Filter>
    </ClInclude>
    <ClInclude Include="Client\Cheats\ClickTP.h">
      <Filter>File di intestazione</Filter>
    </ClInclude>
    <ClInclude Include="Client\Cheats\Instabreak.h">
      <Filter>File di intestazione</Filter>
    </ClInclude>
    <ClInclude Include="Client\Cheats\NoWeb.h">
      <Filter>File di intestazione</Filter>
    </ClInclude>
    <ClInclude Include="Client\Hooks\NetworkHook.h">
      <Filter>File di intestazione</Filter>
    </ClInclude>
    <ClInclude Include="Client\Cheats\PacketLogger.h">
      <Filter>File di intestazione</Filter>
    </ClInclude>
    <ClInclude Include="Client\Cheats\Speed.h">
      <Filter>File di intestazione</Filter>
    </ClInclude>
    <ClInclude Include="Client\Cheats\Jesus.h">
      <Filter>File di intestazione</Filter>
    </ClInclude>
    <ClInclude Include="Client\Cheats\Coords.h">
      <Filter>File di intestazione</Filter>
    </ClInclude>
    <ClInclude Include="Client\Cheats\NoPacket.h">
      <Filter>File di intestazione</Filter>
    </ClInclude>
    <ClInclude Include="Client\Cheats\Gamemode.h">
      <Filter>File di intestazione</Filter>
    </ClInclude>
    <ClInclude Include="Client\Cheats\Glide.h">
      <Filter>File di intestazione</Filter>
    </ClInclude>
    <ClInclude Include="Client\Cheats\AutoWalk.h">
      <Filter>File di intestazione</Filter>
    </ClInclude>
    <ClInclude Include="Client\Cheats\NoWater.h">
      <Filter>File di intestazione</Filter>
    </ClInclude>
    <ClInclude Include="Client\Cheats\InventoryMove.h">
      <Filter>File di intestazione</Filter>
    </ClInclude>
    <ClInclude Include="Client\Cheats\CCFly.h">
      <Filter>File di intestazione</Filter>
    </ClInclude>
    <ClInclude Include="Client\Cheats\CCGodMode.h">
      <Filter>File di intestazione</Filter>
    </ClInclude>
    <ClInclude Include="Client\Cheats\NoFall.h">
      <Filter>File di intestazione</Filter>
    </ClInclude>
    <ClInclude Include="Client\Cheats\WarpShift.h">
      <Filter>File di intestazione</Filter>
    </ClInclude>
    <ClInclude Include="Client\Cheats\HiveGlide.h">
      <Filter>File di intestazione</Filter>
    </ClInclude>
    <ClInclude Include="Client\Cheats\ClickGui.h">
      <Filter>File di intestazione</Filter>
    </ClInclude>
    <ClInclude Include="SDK\LunMath.h">
      <Filter>File di intestazione</Filter>
    </ClInclude>
    <ClInclude Include="Client\Cheats\MineplexBP.h">
      <Filter>File di intestazione</Filter>
    </ClInclude>
    <ClInclude Include="Client\Cheats\Longjump.h">
      <Filter>File di intestazione</Filter>
    </ClInclude>
    <ClInclude Include="Client\Cheats\LBfly.h">
      <Filter>File di intestazione</Filter>
    </ClInclude>
    <ClInclude Include="Client\Cheats\TestModule.h">
      <Filter>File di intestazione</Filter>
    </ClInclude>
    <ClInclude Include="Client\Cheats\Criticals.h">
      <Filter>File di intestazione</Filter>
    </ClInclude>
    <ClInclude Include="Client\SliderSetting.h">
      <Filter>File di intestazione</Filter>
    </ClInclude>
    <ClInclude Include="Client\ToggleSetting.h">
      <Filter>File di intestazione</Filter>
    </ClInclude>
    <ClInclude Include="Client\Cheats\Freecam.h">
      <Filter>File di intestazione</Filter>
    </ClInclude>
    <ClInclude Include="Client\Cheats\CPULimiter.h">
      <Filter>File di intestazione</Filter>
    </ClInclude>
    <ClInclude Include="Client\Cheats\Profiler.h">
      <Filter>File di intestazione</Filter>
    </ClInclude>
    <ClInclude Include="Client\Cheats\Step.h">
      <Filter>File di intestazione</Filter>
    </ClInclude>
    <ClInclude Include="Client\Cheats\Phase.h">
      <Filter>File di intestazione</Filter>
    </ClInclude>
    <ClInclude Include="Client\Cheats\AirAcceleration.h">
      <Filter>File di intestazione</Filter>
    </ClInclude>
    <ClInclude Include="Client\Cheats\Flight.h">
      <Filter>File di intestazione</Filter>
    </ClInclude>
    <ClInclude Include="Client\Cheats\Antivoid.h">
      <Filter>File di intestazione</Filter>
    </ClInclude>
  </ItemGroup>
  <ItemGroup>
    <ClCompile Include="dllmain.cpp">
      <Filter>File di origine</Filter>
    </ClCompile>
    <ClCompile Include="pch.cpp">
      <Filter>File di origine</Filter>
    </ClCompile>
    <ClCompile Include="SDK\LunMem.cpp">
      <Filter>File di origine</Filter>
    </ClCompile>
    <ClCompile Include="Client\Cheat.cpp">
      <Filter>File di origine</Filter>
    </ClCompile>
    <ClCompile Include="Client\Cheats\AirJump.cpp">
      <Filter>File di origine</Filter>
    </ClCompile>
    <ClCompile Include="Client\Cheats\TabGUI.cpp">
      <Filter>File di origine</Filter>
    </ClCompile>
    <ClCompile Include="Client\CheatManager.cpp">
      <Filter>File di origine</Filter>
    </ClCompile>
    <ClCompile Include="SDK\DrawUtils.cpp">
      <Filter>File di origine</Filter>
    </ClCompile>
    <ClCompile Include="Client\Cheats\Killaura.cpp">
      <Filter>File di origine</Filter>
    </ClCompile>
    <ClCompile Include="Client\Cheats\AutoSprint.cpp">
      <Filter>File di origine</Filter>
    </ClCompile>
    <ClCompile Include="Client\Cheats\Uninject.cpp">
      <Filter>File di origine</Filter>
    </ClCompile>
    <ClCompile Include="Client\Hooks\KeyHook.cpp">
      <Filter>File di origine</Filter>
    </ClCompile>
    <ClCompile Include="Client\Hooks\RenderHook.cpp">
      <Filter>File di origine</Filter>
    </ClCompile>
    <ClCompile Include="Client\Cheats\Hitbox.cpp">
      <Filter>File di origine</Filter>
    </ClCompile>
    <ClCompile Include="Client\Hooks\GamemodeHook.cpp">
      <Filter>File di origine</Filter>
    </ClCompile>
    <ClCompile Include="Client\Cheats\Triggerbot.cpp">
      <Filter>File di origine</Filter>
    </ClCompile>
    <ClCompile Include="Logger.cpp">
      <Filter>File di origine</Filter>
    </ClCompile>
    <ClCompile Include="Client\Cheats\Scaffold.cpp">
      <Filter>File di origine</Filter>
    </ClCompile>
    <ClCompile Include="Client\Cheats\ModuleList.cpp">
      <Filter>File di origine</Filter>
    </ClCompile>
    <ClCompile Include="Client\Cheats\Nuker.cpp">
      <Filter>File di origine</Filter>
    </ClCompile>
    <ClCompile Include="Client\Cheats\NoSlowDown.cpp">
      <Filter>File di origine</Filter>
    </ClCompile>
    <ClCompile Include="Client\Cheats\Velocity.cpp">
      <Filter>File di origine</Filter>
    </ClCompile>
    <ClCompile Include="Client\Cheats\Jetpack.cpp">
      <Filter>File di origine</Filter>
    </ClCompile>
    <ClCompile Include="Client\Cheats\BunnyHop.cpp">
      <Filter>File di origine</Filter>
    </ClCompile>
    <ClCompile Include="Client\Hooks\MouseHook.cpp">
      <Filter>File di origine</Filter>
    </ClCompile>
    <ClCompile Include="Client\Cheats\ClickTP.cpp">
      <Filter>File di origine</Filter>
    </ClCompile>
    <ClCompile Include="Client\Cheats\Instabreak.cpp">
      <Filter>File di origine</Filter>
    </ClCompile>
    <ClCompile Include="Client\Cheats\NoWeb.cpp">
      <Filter>File di origine</Filter>
    </ClCompile>
    <ClCompile Include="Client\Hooks\NetworkHook.cpp">
      <Filter>File di origine</Filter>
    </ClCompile>
    <ClCompile Include="Client\Cheats\PacketLogger.cpp">
      <Filter>File di origine</Filter>
    </ClCompile>
    <ClCompile Include="Client\Cheats\Speed.cpp">
      <Filter>File di origine</Filter>
    </ClCompile>
    <ClCompile Include="Client\Cheats\Jesus.cpp">
      <Filter>File di origine</Filter>
    </ClCompile>
    <ClCompile Include="Client\Cheats\Coords.cpp">
      <Filter>File di origine</Filter>
    </ClCompile>
    <ClCompile Include="Client\Cheats\NoPacket.cpp">
      <Filter>File di origine</Filter>
    </ClCompile>
    <ClCompile Include="Client\Cheats\Gamemode.cpp">
      <Filter>File di origine</Filter>
    </ClCompile>
    <ClCompile Include="Client\Cheats\Glide.cpp">
      <Filter>File di origine</Filter>
    </ClCompile>
    <ClCompile Include="Client\Cheats\AutoWalk.cpp">
      <Filter>File di origine</Filter>
    </ClCompile>
    <ClCompile Include="Client\Cheats\NoWater.cpp">
      <Filter>File di origine</Filter>
    </ClCompile>
    <ClCompile Include="Client\Cheats\InventoryMove.cpp">
      <Filter>File di origine</Filter>
    </ClCompile>
    <ClCompile Include="Client\Cheats\CCFly.cpp">
      <Filter>File di origine</Filter>
    </ClCompile>
    <ClCompile Include="Client\Cheats\CCGodMode.cpp">
      <Filter>File di origine</Filter>
    </ClCompile>
    <ClCompile Include="Client\Cheats\NoFall.cpp">
      <Filter>File di origine</Filter>
    </ClCompile>
    <ClCompile Include="Client\Cheats\WarpShift.cpp">
      <Filter>File di origine</Filter>
    </ClCompile>
    <ClCompile Include="Client\Cheats\HiveGlide.cpp">
      <Filter>File di origine</Filter>
    </ClCompile>
    <ClCompile Include="Client\Cheats\ClickGui.cpp">
      <Filter>File di origine</Filter>
    </ClCompile>
    <ClCompile Include="Client\Cheats\MineplexBP.cpp">
      <Filter>File di origine</Filter>
    </ClCompile>
    <ClCompile Include="Client\Cheats\Longjump.cpp">
      <Filter>File di origine</Filter>
    </ClCompile>
    <ClCompile Include="Client\Cheats\LBfly.cpp">
      <Filter>File di origine</Filter>
    </ClCompile>
    <ClCompile Include="Client\Cheats\TestModule.cpp">
      <Filter>File di origine</Filter>
    </ClCompile>
    <ClCompile Include="Client\Cheats\Criticals.cpp">
      <Filter>File di origine</Filter>
    </ClCompile>
    <ClCompile Include="Client\SliderSetting.cpp">
      <Filter>File di origine</Filter>
    </ClCompile>
    <ClCompile Include="Client\ToggleSetting.cpp">
      <Filter>File di origine</Filter>
    </ClCompile>
    <ClCompile Include="Client\Cheats\Freecam.cpp">
      <Filter>File di origine</Filter>
    </ClCompile>
    <ClCompile Include="Client\Cheats\CPULimiter.cpp">
      <Filter>File di origine</Filter>
    </ClCompile>
    <ClCompile Include="Client\Cheats\Profiler.cpp">
      <Filter>File di origine</Filter>
    </ClCompile>
    <ClCompile Include="Client\Cheats\Step.cpp">
      <Filter>File di origine</Filter>
    </ClCompile>
    <ClCompile Include="Client\Cheats\Phase.cpp">
      <Filter>File di origine</Filter>
    </ClCompile>
    <ClCompile Include="Client\Cheats\AirAcceleration.cpp">
      <Filter>File di origine</Filter>
    </ClCompile>
    <ClCompile Include="Client\Cheats\Flight.cpp">
      <Filter>File di origine</Filter>
    </ClCompile>
    <ClCompile Include="Client\Cheats\Antivoid.cpp">
      <Filter>File di origine</Filter>
    </ClCompile>
  </ItemGroup>
  <ItemGroup>
    <None Include="packages.config" />
  </ItemGroup>
</Project>